
Microsoft Visual Studio Solution File, Format Version 12.00
# Visual Studio Version 17
VisualStudioVersion = 17.0.31903.59
MinimumVisualStudioVersion = 10.0.40219.1
Project("{FAE04EC0-301F-11D3-BF4B-00C04F79EFBC}") = "RestJsonSchemaSyncRequestReplyProducer", "RestJsonSchemaSyncRequestReplyProducer\RestJsonSchemaSyncRequestReplyProducer.csproj", "{FAB47613-3C80-4DB6-B900-3A181008925A}"
EndProject
Project("{FAE04EC0-301F-11D3-BF4B-00C04F79EFBC}") = "RestJsonSchemaSyncRequestReplyConsumer", "RestJsonSchemaSyncRequestReplyConsumer\RestJsonSchemaSyncRequestReplyConsumer.csproj", "{75F1BD2B-C674-4F06-907E-252AE2B2FA3B}"
EndProject
Project("{FAE04EC0-301F-11D3-BF4B-00C04F79EFBC}") = "RestJsonSchemaAsyncRequestReply", "RestJsonSchemaAsyncRequestReply\RestJsonSchemaAsyncRequestReply.csproj", "{590754E7-62E0-405C-9995-92CEDA3085DA}"
EndProject
Project("{FAE04EC0-301F-11D3-BF4B-00C04F79EFBC}") = "RestJsonSchemaConsumer", "RestJsonSchemaConsumer\RestJsonSchemaConsumer.csproj", "{38318101-F0A6-4F36-83D6-1A21163FBBEC}"
EndProject
Project("{FAE04EC0-301F-11D3-BF4B-00C04F79EFBC}") = "RestJsonSchemaPublisher", "RestJsonSchemaPublisher\RestJsonSchemaPublisher.csproj", "{7E3289CF-EC99-4954-9125-CB21C12ED8F7}"
EndProject
Project("{FAE04EC0-301F-11D3-BF4B-00C04F79EFBC}") = "RestJsonSchemaPublisherWithSchemaId", "RestJsonSchemaPublisherWithSchemaId\RestJsonSchemaPublisherWithSchemaId.csproj", "{048B776B-8669-48CE-AEE8-CDFBF18C8EA9}"
EndProject
Global
	GlobalSection(SolutionConfigurationPlatforms) = preSolution
		Debug|Any CPU = Debug|Any CPU
		Debug|x64 = Debug|x64
		Debug|x86 = Debug|x86
		Release|Any CPU = Release|Any CPU
		Release|x64 = Release|x64
		Release|x86 = Release|x86
	EndGlobalSection
	GlobalSection(ProjectConfigurationPlatforms) = postSolution
		{FAB47613-3C80-4DB6-B900-3A181008925A}.Debug|Any CPU.ActiveCfg = Debug|Any CPU
		{FAB47613-3C80-4DB6-B900-3A181008925A}.Debug|Any CPU.Build.0 = Debug|Any CPU
		{FAB47613-3C80-4DB6-B900-3A181008925A}.Debug|x64.ActiveCfg = Debug|Any CPU
		{FAB47613-3C80-4DB6-B900-3A181008925A}.Debug|x64.Build.0 = Debug|Any CPU
		{FAB47613-3C80-4DB6-B900-3A181008925A}.Debug|x86.ActiveCfg = Debug|Any CPU
		{FAB47613-3C80-4DB6-B900-3A181008925A}.Debug|x86.Build.0 = Debug|Any CPU
		{FAB47613-3C80-4DB6-B900-3A181008925A}.Release|Any CPU.ActiveCfg = Release|Any CPU
		{FAB47613-3C80-4DB6-B900-3A181008925A}.Release|Any CPU.Build.0 = Release|Any CPU
		{FAB47613-3C80-4DB6-B900-3A181008925A}.Release|x64.ActiveCfg = Release|Any CPU
		{FAB47613-3C80-4DB6-B900-3A181008925A}.Release|x64.Build.0 = Release|Any CPU
		{FAB47613-3C80-4DB6-B900-3A181008925A}.Release|x86.ActiveCfg = Release|Any CPU
		{FAB47613-3C80-4DB6-B900-3A181008925A}.Release|x86.Build.0 = Release|Any CPU
		{75F1BD2B-C674-4F06-907E-252AE2B2FA3B}.Debug|Any CPU.ActiveCfg = Debug|Any CPU
		{75F1BD2B-C674-4F06-907E-252AE2B2FA3B}.Debug|Any CPU.Build.0 = Debug|Any CPU
		{75F1BD2B-C674-4F06-907E-252AE2B2FA3B}.Debug|x64.ActiveCfg = Debug|Any CPU
		{75F1BD2B-C674-4F06-907E-252AE2B2FA3B}.Debug|x64.Build.0 = Debug|Any CPU
		{75F1BD2B-C674-4F06-907E-252AE2B2FA3B}.Debug|x86.ActiveCfg = Debug|Any CPU
		{75F1BD2B-C674-4F06-907E-252AE2B2FA3B}.Debug|x86.Build.0 = Debug|Any CPU
		{75F1BD2B-C674-4F06-907E-252AE2B2FA3B}.Release|Any CPU.ActiveCfg = Release|Any CPU
		{75F1BD2B-C674-4F06-907E-252AE2B2FA3B}.Release|Any CPU.Build.0 = Release|Any CPU
		{75F1BD2B-C674-4F06-907E-252AE2B2FA3B}.Release|x64.ActiveCfg = Release|Any CPU
		{75F1BD2B-C674-4F06-907E-252AE2B2FA3B}.Release|x64.Build.0 = Release|Any CPU
		{75F1BD2B-C674-4F06-907E-252AE2B2FA3B}.Release|x86.ActiveCfg = Release|Any CPU
		{75F1BD2B-C674-4F06-907E-252AE2B2FA3B}.Release|x86.Build.0 = Release|Any CPU
		{590754E7-62E0-405C-9995-92CEDA3085DA}.Debug|Any CPU.ActiveCfg = Debug|Any CPU
		{590754E7-62E0-405C-9995-92CEDA3085DA}.Debug|Any CPU.Build.0 = Debug|Any CPU
		{590754E7-62E0-405C-9995-92CEDA3085DA}.Debug|x64.ActiveCfg = Debug|Any CPU
		{590754E7-62E0-405C-9995-92CEDA3085DA}.Debug|x64.Build.0 = Debug|Any CPU
		{590754E7-62E0-405C-9995-92CEDA3085DA}.Debug|x86.ActiveCfg = Debug|Any CPU
		{590754E7-62E0-405C-9995-92CEDA3085DA}.Debug|x86.Build.0 = Debug|Any CPU
		{590754E7-62E0-405C-9995-92CEDA3085DA}.Release|Any CPU.ActiveCfg = Release|Any CPU
		{590754E7-62E0-405C-9995-92CEDA3085DA}.Release|Any CPU.Build.0 = Release|Any CPU
		{590754E7-62E0-405C-9995-92CEDA3085DA}.Release|x64.ActiveCfg = Release|Any CPU
		{590754E7-62E0-405C-9995-92CEDA3085DA}.Release|x64.Build.0 = Release|Any CPU
		{590754E7-62E0-405C-9995-92CEDA3085DA}.Release|x86.ActiveCfg = Release|Any CPU
		{590754E7-62E0-405C-9995-92CEDA3085DA}.Release|x86.Build.0 = Release|Any CPU
		{38318101-F0A6-4F36-83D6-1A21163FBBEC}.Debug|Any CPU.ActiveCfg = Debug|Any CPU
		{38318101-F0A6-4F36-83D6-1A21163FBBEC}.Debug|Any CPU.Build.0 = Debug|Any CPU
		{38318101-F0A6-4F36-83D6-1A21163FBBEC}.Debug|x64.ActiveCfg = Debug|Any CPU
		{38318101-F0A6-4F36-83D6-1A21163FBBEC}.Debug|x64.Build.0 = Debug|Any CPU
		{38318101-F0A6-4F36-83D6-1A21163FBBEC}.Debug|x86.ActiveCfg = Debug|Any CPU
		{38318101-F0A6-4F36-83D6-1A21163FBBEC}.Debug|x86.Build.0 = Debug|Any CPU
		{38318101-F0A6-4F36-83D6-1A21163FBBEC}.Release|Any CPU.ActiveCfg = Release|Any CPU
		{38318101-F0A6-4F36-83D6-1A21163FBBEC}.Release|Any CPU.Build.0 = Release|Any CPU
		{38318101-F0A6-4F36-83D6-1A21163FBBEC}.Release|x64.ActiveCfg = Release|Any CPU
		{38318101-F0A6-4F36-83D6-1A21163FBBEC}.Release|x64.Build.0 = Release|Any CPU
		{38318101-F0A6-4F36-83D6-1A21163FBBEC}.Release|x86.ActiveCfg = Release|Any CPU
		{38318101-F0A6-4F36-83D6-1A21163FBBEC}.Release|x86.Build.0 = Release|Any CPU
		{7E3289CF-EC99-4954-9125-CB21C12ED8F7}.Debug|Any CPU.ActiveCfg = Debug|Any CPU
		{7E3289CF-EC99-4954-9125-CB21C12ED8F7}.Debug|Any CPU.Build.0 = Debug|Any CPU
		{7E3289CF-EC99-4954-9125-CB21C12ED8F7}.Debug|x64.ActiveCfg = Debug|Any CPU
		{7E3289CF-EC99-4954-9125-CB21C12ED8F7}.Debug|x64.Build.0 = Debug|Any CPU
		{7E3289CF-EC99-4954-9125-CB21C12ED8F7}.Debug|x86.ActiveCfg = Debug|Any CPU
		{7E3289CF-EC99-4954-9125-CB21C12ED8F7}.Debug|x86.Build.0 = Debug|Any CPU
		{7E3289CF-EC99-4954-9125-CB21C12ED8F7}.Release|Any CPU.ActiveCfg = Release|Any CPU
		{7E3289CF-EC99-4954-9125-CB21C12ED8F7}.Release|Any CPU.Build.0 = Release|Any CPU
		{7E3289CF-EC99-4954-9125-CB21C12ED8F7}.Release|x64.ActiveCfg = Release|Any CPU
		{7E3289CF-EC99-4954-9125-CB21C12ED8F7}.Release|x64.Build.0 = Release|Any CPU
		{7E3289CF-EC99-4954-9125-CB21C12ED8F7}.Release|x86.ActiveCfg = Release|Any CPU
		{7E3289CF-EC99-4954-9125-CB21C12ED8F7}.Release|x86.Build.0 = Release|Any CPU
		{048B776B-8669-48CE-AEE8-CDFBF18C8EA9}.Debug|Any CPU.ActiveCfg = Debug|Any CPU
		{048B776B-8669-48CE-AEE8-CDFBF18C8EA9}.Debug|Any CPU.Build.0 = Debug|Any CPU
		{048B776B-8669-48CE-AEE8-CDFBF18C8EA9}.Debug|x64.ActiveCfg = Debug|Any CPU
		{048B776B-8669-48CE-AEE8-CDFBF18C8EA9}.Debug|x64.Build.0 = Debug|Any CPU
		{048B776B-8669-48CE-AEE8-CDFBF18C8EA9}.Debug|x86.ActiveCfg = Debug|Any CPU
		{048B776B-8669-48CE-AEE8-CDFBF18C8EA9}.Debug|x86.Build.0 = Debug|Any CPU
		{048B776B-8669-48CE-AEE8-CDFBF18C8EA9}.Release|Any CPU.ActiveCfg = Release|Any CPU
		{048B776B-8669-48CE-AEE8-CDFBF18C8EA9}.Release|Any CPU.Build.0 = Release|Any CPU
		{048B776B-8669-48CE-AEE8-CDFBF18C8EA9}.Release|x64.ActiveCfg = Release|Any CPU
		{048B776B-8669-48CE-AEE8-CDFBF18C8EA9}.Release|x64.Build.0 = Release|Any CPU
		{048B776B-8669-48CE-AEE8-CDFBF18C8EA9}.Release|x86.ActiveCfg = Release|Any CPU
		{048B776B-8669-48CE-AEE8-CDFBF18C8EA9}.Release|x86.Build.0 = Release|Any CPU
	EndGlobalSection
	GlobalSection(SolutionProperties) = preSolution
		HideSolutionNode = FALSE
	EndGlobalSection
EndGlobal
